
Microsoft Visual Studio Solution File, Format Version 12.00
# Visual Studio Version 16
VisualStudioVersion = 16.0.31019.35
MinimumVisualStudioVersion = 10.0.40219.1
Project("{FAE04EC0-301F-11D3-BF4B-00C04F79EFBC}") = "Day23_cabinvoicegenerator", "Day23_cabinvoicegenerator\Day23_cabinvoicegenerator.csproj", "{A55C16F4-87FA-4EE6-A8C7-949C344D7418}"
EndProject
Project("{FAE04EC0-301F-11D3-BF4B-00C04F79EFBC}") = "UnitTestProject1", "UnitTestProject1\UnitTestProject1.csproj", "{437BEFE6-92D5-44F5-8D95-6D43EA2C42D8}"
EndProject
Global
	GlobalSection(SolutionConfigurationPlatforms) = preSolution
		Debug|Any CPU = Debug|Any CPU
		Release|Any CPU = Release|Any CPU
	EndGlobalSection
	GlobalSection(ProjectConfigurationPlatforms) = postSolution
		{A55C16F4-87FA-4EE6-A8C7-949C344D7418}.Debug|Any CPU.ActiveCfg = Debug|Any CPU
		{A55C16F4-87FA-4EE6-A8C7-949C344D7418}.Debug|Any CPU.Build.0 = Debug|Any CPU
		{A55C16F4-87FA-4EE6-A8C7-949C344D7418}.Release|Any CPU.ActiveCfg = Release|Any CPU
		{A55C16F4-87FA-4EE6-A8C7-949C344D7418}.Release|Any CPU.Build.0 = Release|Any CPU
		{437BEFE6-92D5-44F5-8D95-6D43EA2C42D8}.Debug|Any CPU.ActiveCfg = Debug|Any CPU
		{437BEFE6-92D5-44F5-8D95-6D43EA2C42D8}.Debug|Any CPU.Build.0 = Debug|Any CPU
		{437BEFE6-92D5-44F5-8D95-6D43EA2C42D8}.Release|Any CPU.ActiveCfg = Release|Any CPU
		{437BEFE6-92D5-44F5-8D95-6D43EA2C42D8}.Release|Any CPU.Build.0 = Release|Any CPU
	EndGlobalSection
	GlobalSection(SolutionProperties) = preSolution
		HideSolutionNode = FALSE
	EndGlobalSection
	GlobalSection(ExtensibilityGlobals) = postSolution
		SolutionGuid = {85376804-C044-4FC5-B37F-175532E1F622}
	EndGlobalSection
EndGlobal
